{
  "name": "heyui-demos",
  "version": "0.0.0",
  "lockfileVersion": 1,
  "requires": true,
  "dependencies": {
    "hey-log": {
      "version": "0.0.8",
      "resolved": "https://registry.npmjs.org/hey-log/-/hey-log-0.0.8.tgz",
      "integrity": "sha1-wRR50kQhqtsGTKFpIV3XIY/8C5M="
    },
    "hey-utils": {
      "version": "0.1.1",
      "resolved": "https://registry.npmjs.org/hey-utils/-/hey-utils-0.1.1.tgz",
      "integrity": "sha512-QuexzwhUD6IIxqfrojOvw7yf1lYkuSHm6wEZBiHi0M4ONCfiumeZZw9Yt8wIWAxu28SNMJJ9k46f2Eye2ns8Nw=="
    },
    "heyui": {
      "version": "1.1.2",
      "resolved": "https://registry.npmjs.org/heyui/-/heyui-1.1.2.tgz",
      "integrity": "sha512-k7ZMcCnKVMfHHdrqZEoee6cLFHTFIVPWK7VA4np2gfPAyf0Sr63m2DWIyOhVvo+nLpLZvOG3Wl38SYm606mi7Q==",
      "requires": {
        "hey-log": "0.0.8",
        "hey-utils": "0.1.1",
        "manba": "1.2.6",
        "vue": "2.5.16"
      },
      "dependencies": {
        "vue": {
          "version": "2.5.16",
          "resolved": "https://registry.npmjs.org/vue/-/vue-2.5.16.tgz",
          "integrity": "sha512-/ffmsiVuPC8PsWcFkZngdpas19ABm5mh2wA7iDqcltyCTwlgZjHGeJYOXkBMo422iPwIcviOtrTCUpSfXmToLQ=="
        }
      }
    },
    "manba": {
      "version": "1.2.6",
      "resolved": "https://registry.npmjs.org/manba/-/manba-1.2.6.tgz",
      "integrity": "sha512-6zeOyeNyo3e7qcOwoPhzdzp6gvit5G+JsrfIIkb937/w579qA6mYOcibi0mMd26IDBplff1zJ285x47awBq1Dw=="
    },
    "vue-router": {
      "version": "3.0.1",
      "resolved": "https://registry.npmjs.org/vue-router/-/vue-router-3.0.1.tgz",
      "integrity": "sha512-vLLoY452L+JBpALMP5UHum9+7nzR9PeIBCghU9ZtJ1eWm6ieUI8Zb/DI3MYxH32bxkjzYV1LRjNv4qr8d+uX/w=="
    }
  }
}
