{
  "name": "heyui-demos",
  "version": "0.0.0",
  "lockfileVersion": 1,
  "requires": true,
  "dependencies": {
    "heyui": {
      "version": "1.15.0",
      "resolved": "https://registry.npmjs.org/heyui/-/heyui-1.15.0.tgz",
      "integrity": "sha512-jpuVLrFifbnxTHMMSNJTfdufuHP2LAhDpg36pdZB7MwLQCk3fiMypwpsHriHDEmbOnEvs+dcoCZNSXx6oMHENw==",
      "requires": {
        "manba": "^1.2.0"
      }
    },
    "manba": {
      "version": "1.2.7",
      "resolved": "https://registry.npmjs.org/manba/-/manba-1.2.7.tgz",
      "integrity": "sha512-W6UHV6OJQFMVk64n5LVXgsW8I9k/U87Jmjo0hLb83LUOE1d2VFLjpmcDdaeBleQ5HWC2opU8DK5TojMpNNvWrA=="
    },
    "vue-router": {
      "version": "3.0.1",
      "resolved": "https://registry.npmjs.org/vue-router/-/vue-router-3.0.1.tgz",
      "integrity": "sha512-vLLoY452L+JBpALMP5UHum9+7nzR9PeIBCghU9ZtJ1eWm6ieUI8Zb/DI3MYxH32bxkjzYV1LRjNv4qr8d+uX/w=="
    }
  }
}
